
Microsoft Visual Studio Solution File, Format Version 12.00
# Visual Studio Version 16
VisualStudioVersion = 16.0.810.16
MinimumVisualStudioVersion = 10.0.40219.1
Project("{FAE04EC0-301F-11D3-BF4B-00C04F79EFBC}") = "Class1", "Class1\Class1.csproj", "{464557EB-F673-4C4D-8E60-44C2DAC1DEF9}"
EndProject
Global
	GlobalSection(SolutionConfigurationPlatforms) = preSolution
		Debug|anycpu = Debug|anycpu
		Release|anycpu = Release|anycpu
	EndGlobalSection
	GlobalSection(ProjectConfigurationPlatforms) = postSolution
		{464557EB-F673-4C4D-8E60-44C2DAC1DEF9}.Debug|anycpu.ActiveCfg = Debug|anycpu
		{464557EB-F673-4C4D-8E60-44C2DAC1DEF9}.Debug|anycpu.Build.0 = Debug|anycpu
		{464557EB-F673-4C4D-8E60-44C2DAC1DEF9}.Release|anycpu.ActiveCfg = Release|anycpu
		{464557EB-F673-4C4D-8E60-44C2DAC1DEF9}.Release|anycpu.Build.0 = Release|anycpu
	EndGlobalSection
	GlobalSection(SolutionProperties) = preSolution
		HideSolutionNode = FALSE
	EndGlobalSection
	GlobalSection(ExtensibilityGlobals) = postSolution
		SolutionGuid = {EE509CA9-0FE4-4780-98F2-496B2F1FED9F}
	EndGlobalSection
EndGlobal
